
Microsoft Visual Studio Solution File, Format Version 12.00
# Visual Studio Version 17
VisualStudioVersion = 17.13.35825.156
MinimumVisualStudioVersion = 10.0.40219.1
Project("{FAE04EC0-301F-11D3-BF4B-00C04F79EFBC}") = "UserService.API", "UserService.API\UserService.API.csproj", "{B019E6DF-0E81-4AF9-B536-6AF97C194C6D}"
EndProject
Project("{FAE04EC0-301F-11D3-BF4B-00C04F79EFBC}") = "UserService.Application", "UserService.Application\UserService.Application.csproj", "{6E4A6A2A-BB2C-42AD-A3C7-84DDF142C0C3}"
EndProject
Project("{FAE04EC0-301F-11D3-BF4B-00C04F79EFBC}") = "UserService.Domain", "UserService.Domain\UserService.Domain.csproj", "{9B8055B6-236D-41E4-88EA-6AA0877E13F9}"
EndProject
Project("{FAE04EC0-301F-11D3-BF4B-00C04F79EFBC}") = "UserService.Infrastructure", "UserService.Infrastructure\UserService.Infrastructure.csproj", "{B04670A1-D385-459A-A559-1D28E5D11980}"
EndProject
Global
	GlobalSection(SolutionConfigurationPlatforms) = preSolution
		Debug|Any CPU = Debug|Any CPU
		Debug|x64 = Debug|x64
		Debug|x86 = Debug|x86
		Release|Any CPU = Release|Any CPU
		Release|x64 = Release|x64
		Release|x86 = Release|x86
	EndGlobalSection
	GlobalSection(ProjectConfigurationPlatforms) = postSolution
		{B019E6DF-0E81-4AF9-B536-6AF97C194C6D}.Debug|Any CPU.ActiveCfg = Debug|Any CPU
		{B019E6DF-0E81-4AF9-B536-6AF97C194C6D}.Debug|Any CPU.Build.0 = Debug|Any CPU
		{B019E6DF-0E81-4AF9-B536-6AF97C194C6D}.Debug|x64.ActiveCfg = Debug|Any CPU
		{B019E6DF-0E81-4AF9-B536-6AF97C194C6D}.Debug|x64.Build.0 = Debug|Any CPU
		{B019E6DF-0E81-4AF9-B536-6AF97C194C6D}.Debug|x86.ActiveCfg = Debug|Any CPU
		{B019E6DF-0E81-4AF9-B536-6AF97C194C6D}.Debug|x86.Build.0 = Debug|Any CPU
		{B019E6DF-0E81-4AF9-B536-6AF97C194C6D}.Release|Any CPU.ActiveCfg = Release|Any CPU
		{B019E6DF-0E81-4AF9-B536-6AF97C194C6D}.Release|Any CPU.Build.0 = Release|Any CPU
		{B019E6DF-0E81-4AF9-B536-6AF97C194C6D}.Release|x64.ActiveCfg = Release|Any CPU
		{B019E6DF-0E81-4AF9-B536-6AF97C194C6D}.Release|x64.Build.0 = Release|Any CPU
		{B019E6DF-0E81-4AF9-B536-6AF97C194C6D}.Release|x86.ActiveCfg = Release|Any CPU
		{B019E6DF-0E81-4AF9-B536-6AF97C194C6D}.Release|x86.Build.0 = Release|Any CPU
		{6E4A6A2A-BB2C-42AD-A3C7-84DDF142C0C3}.Debug|Any CPU.ActiveCfg = Debug|Any CPU
		{6E4A6A2A-BB2C-42AD-A3C7-84DDF142C0C3}.Debug|Any CPU.Build.0 = Debug|Any CPU
		{6E4A6A2A-BB2C-42AD-A3C7-84DDF142C0C3}.Debug|x64.ActiveCfg = Debug|Any CPU
		{6E4A6A2A-BB2C-42AD-A3C7-84DDF142C0C3}.Debug|x64.Build.0 = Debug|Any CPU
		{6E4A6A2A-BB2C-42AD-A3C7-84DDF142C0C3}.Debug|x86.ActiveCfg = Debug|Any CPU
		{6E4A6A2A-BB2C-42AD-A3C7-84DDF142C0C3}.Debug|x86.Build.0 = Debug|Any CPU
		{6E4A6A2A-BB2C-42AD-A3C7-84DDF142C0C3}.Release|Any CPU.ActiveCfg = Release|Any CPU
		{6E4A6A2A-BB2C-42AD-A3C7-84DDF142C0C3}.Release|Any CPU.Build.0 = Release|Any CPU
		{6E4A6A2A-BB2C-42AD-A3C7-84DDF142C0C3}.Release|x64.ActiveCfg = Release|Any CPU
		{6E4A6A2A-BB2C-42AD-A3C7-84DDF142C0C3}.Release|x64.Build.0 = Release|Any CPU
		{6E4A6A2A-BB2C-42AD-A3C7-84DDF142C0C3}.Release|x86.ActiveCfg = Release|Any CPU
		{6E4A6A2A-BB2C-42AD-A3C7-84DDF142C0C3}.Release|x86.Build.0 = Release|Any CPU
		{9B8055B6-236D-41E4-88EA-6AA0877E13F9}.Debug|Any CPU.ActiveCfg = Debug|Any CPU
		{9B8055B6-236D-41E4-88EA-6AA0877E13F9}.Debug|Any CPU.Build.0 = Debug|Any CPU
		{9B8055B6-236D-41E4-88EA-6AA0877E13F9}.Debug|x64.ActiveCfg = Debug|Any CPU
		{9B8055B6-236D-41E4-88EA-6AA0877E13F9}.Debug|x64.Build.0 = Debug|Any CPU
		{9B8055B6-236D-41E4-88EA-6AA0877E13F9}.Debug|x86.ActiveCfg = Debug|Any CPU
		{9B8055B6-236D-41E4-88EA-6AA0877E13F9}.Debug|x86.Build.0 = Debug|Any CPU
		{9B8055B6-236D-41E4-88EA-6AA0877E13F9}.Release|Any CPU.ActiveCfg = Release|Any CPU
		{9B8055B6-236D-41E4-88EA-6AA0877E13F9}.Release|Any CPU.Build.0 = Release|Any CPU
		{9B8055B6-236D-41E4-88EA-6AA0877E13F9}.Release|x64.ActiveCfg = Release|Any CPU
		{9B8055B6-236D-41E4-88EA-6AA0877E13F9}.Release|x64.Build.0 = Release|Any CPU
		{9B8055B6-236D-41E4-88EA-6AA0877E13F9}.Release|x86.ActiveCfg = Release|Any CPU
		{9B8055B6-236D-41E4-88EA-6AA0877E13F9}.Release|x86.Build.0 = Release|Any CPU
		{B04670A1-D385-459A-A559-1D28E5D11980}.Debug|Any CPU.ActiveCfg = Debug|Any CPU
		{B04670A1-D385-459A-A559-1D28E5D11980}.Debug|Any CPU.Build.0 = Debug|Any CPU
		{B04670A1-D385-459A-A559-1D28E5D11980}.Debug|x64.ActiveCfg = Debug|Any CPU
		{B04670A1-D385-459A-A559-1D28E5D11980}.Debug|x64.Build.0 = Debug|Any CPU
		{B04670A1-D385-459A-A559-1D28E5D11980}.Debug|x86.ActiveCfg = Debug|Any CPU
		{B04670A1-D385-459A-A559-1D28E5D11980}.Debug|x86.Build.0 = Debug|Any CPU
		{B04670A1-D385-459A-A559-1D28E5D11980}.Release|Any CPU.ActiveCfg = Release|Any CPU
		{B04670A1-D385-459A-A559-1D28E5D11980}.Release|Any CPU.Build.0 = Release|Any CPU
		{B04670A1-D385-459A-A559-1D28E5D11980}.Release|x64.ActiveCfg = Release|Any CPU
		{B04670A1-D385-459A-A559-1D28E5D11980}.Release|x64.Build.0 = Release|Any CPU
		{B04670A1-D385-459A-A559-1D28E5D11980}.Release|x86.ActiveCfg = Release|Any CPU
		{B04670A1-D385-459A-A559-1D28E5D11980}.Release|x86.Build.0 = Release|Any CPU
	EndGlobalSection
	GlobalSection(SolutionProperties) = preSolution
		HideSolutionNode = FALSE
	EndGlobalSection
	GlobalSection(ExtensibilityGlobals) = postSolution
		SolutionGuid = {8FDCD60E-A102-4273-A092-45CDA680B25D}
	EndGlobalSection
EndGlobal
