
Microsoft Visual Studio Solution File, Format Version 12.00
# Visual Studio Version 17
VisualStudioVersion = 17.13.35825.156
MinimumVisualStudioVersion = 10.0.40219.1
Project("{2150E333-8FDC-42A3-9474-1A3956D46DE8}") = "src", "src", "{02EA681E-C7D8-13C7-8484-4AC65E1B71E8}"
EndProject
Project("{2150E333-8FDC-42A3-9474-1A3956D46DE8}") = "shared", "shared", "{310858CE-3D05-42CF-8ED2-9D10217D15EC}"
EndProject
Project("{FAE04EC0-301F-11D3-BF4B-00C04F79EFBC}") = "SharedKernel", "src\shared\SharedKernel\SharedKernel.csproj", "{A2292F84-BAA9-4373-9665-B3925FD68E7D}"
EndProject
Project("{2150E333-8FDC-42A3-9474-1A3956D46DE8}") = "services", "services", "{3038910A-33E0-42A2-84F6-9EBF90816725}"
EndProject
Project("{2150E333-8FDC-42A3-9474-1A3956D46DE8}") = "UserService", "UserService", "{87FF20F9-BFC6-47EB-8C20-D8D96C06832B}"
	ProjectSection(SolutionItems) = preProject
		src\services\UserService\Dockerfile = src\services\UserService\Dockerfile
	EndProjectSection
EndProject
Project("{FAE04EC0-301F-11D3-BF4B-00C04F79EFBC}") = "UserService.API", "src\services\UserService\UserService.API\UserService.API.csproj", "{92F47805-82F4-4863-A5E0-C99CD369ABBD}"
EndProject
Project("{FAE04EC0-301F-11D3-BF4B-00C04F79EFBC}") = "SharedInfrastructure", "src\shared\SharedInfrastructure\SharedInfrastructure.csproj", "{456C80D1-8451-4D46-A0E4-3A28CAC7D755}"
EndProject
Project("{FAE04EC0-301F-11D3-BF4B-00C04F79EFBC}") = "UserService.Domain", "src\services\UserService\UserService.Domain\UserService.Domain.csproj", "{5948DE6D-BCCC-4730-8229-710A894BD46C}"
EndProject
Project("{FAE04EC0-301F-11D3-BF4B-00C04F79EFBC}") = "UserService.Application", "src\services\UserService\UserService.Application\UserService.Application.csproj", "{B6F090E0-07FB-4EB9-99EE-CCA075AD74BD}"
EndProject
Project("{FAE04EC0-301F-11D3-BF4B-00C04F79EFBC}") = "UserService.Infrastructure", "src\services\UserService\UserService.Infrastructure\UserService.Infrastructure.csproj", "{7E502FA5-6755-44F4-B418-E48C6760A031}"
EndProject
Project("{2150E333-8FDC-42A3-9474-1A3956D46DE8}") = "AuctionService", "AuctionService", "{DF6FC1FA-FF46-4A90-9A7E-CD55A9761A2A}"
	ProjectSection(SolutionItems) = preProject
		Dockerfile = Dockerfile
	EndProjectSection
EndProject
Project("{FAE04EC0-301F-11D3-BF4B-00C04F79EFBC}") = "AuctionService.API", "src\services\AuctionService\AuctionService.API\AuctionService.API.csproj", "{71055186-B958-4BF1-8459-80FD194651AA}"
EndProject
Project("{FAE04EC0-301F-11D3-BF4B-00C04F79EFBC}") = "AuctionService.Domain", "src\services\AuctionService\AuctionService.Domain\AuctionService.Domain.csproj", "{40EECADE-4B91-4748-A8A7-2F0C7AB2CCD5}"
EndProject
Project("{FAE04EC0-301F-11D3-BF4B-00C04F79EFBC}") = "AuctionService.Infrastructure", "src\services\AuctionService\AuctionService.Infrastructure\AuctionService.Infrastructure.csproj", "{16B3355F-B10B-4D1E-8278-4F163BFDAD2D}"
EndProject
Project("{FAE04EC0-301F-11D3-BF4B-00C04F79EFBC}") = "AuctionService.Application", "src\services\AuctionService\AuctionService.Application\AuctionService.Application.csproj", "{430C35DC-150D-4908-8FB3-76F7B3C04138}"
EndProject
Project("{2150E333-8FDC-42A3-9474-1A3956D46DE8}") = "identity", "identity", "{C4AC51C8-1DF8-4DBA-9AED-9BC741C3D17C}"
	ProjectSection(SolutionItems) = preProject
		src\identity\Dockerfile = src\identity\Dockerfile
	EndProjectSection
EndProject
Project("{FAE04EC0-301F-11D3-BF4B-00C04F79EFBC}") = "IdentityServer", "src\identity\IdentityServer\IdentityServer.csproj", "{55030493-5243-4170-916E-D4C77D4432AD}"
EndProject
Project("{2150E333-8FDC-42A3-9474-1A3956D46DE8}") = "infrastructure", "infrastructure", "{719EFB54-F973-46F9-BEAA-D465818D004A}"
	ProjectSection(SolutionItems) = preProject
		src\infrastructure\Dockerfile = src\infrastructure\Dockerfile
	EndProjectSection
EndProject
Project("{FAE04EC0-301F-11D3-BF4B-00C04F79EFBC}") = "ApiGateway", "src\infrastructure\ApiGateway\ApiGateway.csproj", "{0B7AC299-9871-A73C-7176-786B894E4AB8}"
EndProject
Project("{FAE04EC0-301F-11D3-BF4B-00C04F79EFBC}") = "Protos", "src\shared\Protos\Protos.csproj", "{DC59B2ED-F986-4213-B3DE-FB37F4BD7A5D}"
EndProject
Project("{2150E333-8FDC-42A3-9474-1A3956D46DE8}") = "FileService", "FileService", "{7FB0BC1E-DAC8-429C-97F3-9F8F4FB8A4A7}"
	ProjectSection(SolutionItems) = preProject
		src\services\FileService\Dockerfile = src\services\FileService\Dockerfile
	EndProjectSection
EndProject
Project("{FAE04EC0-301F-11D3-BF4B-00C04F79EFBC}") = "FileService.API", "src\services\FileService\FileService.API\FileService.API.csproj", "{A36263A0-DB18-4A9C-B36E-F0F20A82FC7B}"
EndProject
Project("{2150E333-8FDC-42A3-9474-1A3956D46DE8}") = "Solution Items", "Solution Items", "{8EC462FD-D22E-90A8-E5CE-7E832BA40C5D}"
	ProjectSection(SolutionItems) = preProject
		.dockerignore = .dockerignore
	EndProjectSection
EndProject
Global
	GlobalSection(SolutionConfigurationPlatforms) = preSolution
		Debug|Any CPU = Debug|Any CPU
		Debug|x64 = Debug|x64
		Debug|x86 = Debug|x86
		Release|Any CPU = Release|Any CPU
		Release|x64 = Release|x64
		Release|x86 = Release|x86
	EndGlobalSection
	GlobalSection(ProjectConfigurationPlatforms) = postSolution
		{A2292F84-BAA9-4373-9665-B3925FD68E7D}.Debug|Any CPU.ActiveCfg = Debug|Any CPU
		{A2292F84-BAA9-4373-9665-B3925FD68E7D}.Debug|Any CPU.Build.0 = Debug|Any CPU
		{A2292F84-BAA9-4373-9665-B3925FD68E7D}.Debug|x64.ActiveCfg = Debug|Any CPU
		{A2292F84-BAA9-4373-9665-B3925FD68E7D}.Debug|x64.Build.0 = Debug|Any CPU
		{A2292F84-BAA9-4373-9665-B3925FD68E7D}.Debug|x86.ActiveCfg = Debug|Any CPU
		{A2292F84-BAA9-4373-9665-B3925FD68E7D}.Debug|x86.Build.0 = Debug|Any CPU
		{A2292F84-BAA9-4373-9665-B3925FD68E7D}.Release|Any CPU.ActiveCfg = Release|Any CPU
		{A2292F84-BAA9-4373-9665-B3925FD68E7D}.Release|Any CPU.Build.0 = Release|Any CPU
		{A2292F84-BAA9-4373-9665-B3925FD68E7D}.Release|x64.ActiveCfg = Release|Any CPU
		{A2292F84-BAA9-4373-9665-B3925FD68E7D}.Release|x64.Build.0 = Release|Any CPU
		{A2292F84-BAA9-4373-9665-B3925FD68E7D}.Release|x86.ActiveCfg = Release|Any CPU
		{A2292F84-BAA9-4373-9665-B3925FD68E7D}.Release|x86.Build.0 = Release|Any CPU
		{92F47805-82F4-4863-A5E0-C99CD369ABBD}.Debug|Any CPU.ActiveCfg = Debug|Any CPU
		{92F47805-82F4-4863-A5E0-C99CD369ABBD}.Debug|Any CPU.Build.0 = Debug|Any CPU
		{92F47805-82F4-4863-A5E0-C99CD369ABBD}.Debug|x64.ActiveCfg = Debug|Any CPU
		{92F47805-82F4-4863-A5E0-C99CD369ABBD}.Debug|x64.Build.0 = Debug|Any CPU
		{92F47805-82F4-4863-A5E0-C99CD369ABBD}.Debug|x86.ActiveCfg = Debug|Any CPU
		{92F47805-82F4-4863-A5E0-C99CD369ABBD}.Debug|x86.Build.0 = Debug|Any CPU
		{92F47805-82F4-4863-A5E0-C99CD369ABBD}.Release|Any CPU.ActiveCfg = Release|Any CPU
		{92F47805-82F4-4863-A5E0-C99CD369ABBD}.Release|Any CPU.Build.0 = Release|Any CPU
		{92F47805-82F4-4863-A5E0-C99CD369ABBD}.Release|x64.ActiveCfg = Release|Any CPU
		{92F47805-82F4-4863-A5E0-C99CD369ABBD}.Release|x64.Build.0 = Release|Any CPU
		{92F47805-82F4-4863-A5E0-C99CD369ABBD}.Release|x86.ActiveCfg = Release|Any CPU
		{92F47805-82F4-4863-A5E0-C99CD369ABBD}.Release|x86.Build.0 = Release|Any CPU
		{456C80D1-8451-4D46-A0E4-3A28CAC7D755}.Debug|Any CPU.ActiveCfg = Debug|Any CPU
		{456C80D1-8451-4D46-A0E4-3A28CAC7D755}.Debug|Any CPU.Build.0 = Debug|Any CPU
		{456C80D1-8451-4D46-A0E4-3A28CAC7D755}.Debug|x64.ActiveCfg = Debug|Any CPU
		{456C80D1-8451-4D46-A0E4-3A28CAC7D755}.Debug|x64.Build.0 = Debug|Any CPU
		{456C80D1-8451-4D46-A0E4-3A28CAC7D755}.Debug|x86.ActiveCfg = Debug|Any CPU
		{456C80D1-8451-4D46-A0E4-3A28CAC7D755}.Debug|x86.Build.0 = Debug|Any CPU
		{456C80D1-8451-4D46-A0E4-3A28CAC7D755}.Release|Any CPU.ActiveCfg = Release|Any CPU
		{456C80D1-8451-4D46-A0E4-3A28CAC7D755}.Release|Any CPU.Build.0 = Release|Any CPU
		{456C80D1-8451-4D46-A0E4-3A28CAC7D755}.Release|x64.ActiveCfg = Release|Any CPU
		{456C80D1-8451-4D46-A0E4-3A28CAC7D755}.Release|x64.Build.0 = Release|Any CPU
		{456C80D1-8451-4D46-A0E4-3A28CAC7D755}.Release|x86.ActiveCfg = Release|Any CPU
		{456C80D1-8451-4D46-A0E4-3A28CAC7D755}.Release|x86.Build.0 = Release|Any CPU
		{5948DE6D-BCCC-4730-8229-710A894BD46C}.Debug|Any CPU.ActiveCfg = Debug|Any CPU
		{5948DE6D-BCCC-4730-8229-710A894BD46C}.Debug|Any CPU.Build.0 = Debug|Any CPU
		{5948DE6D-BCCC-4730-8229-710A894BD46C}.Debug|x64.ActiveCfg = Debug|Any CPU
		{5948DE6D-BCCC-4730-8229-710A894BD46C}.Debug|x64.Build.0 = Debug|Any CPU
		{5948DE6D-BCCC-4730-8229-710A894BD46C}.Debug|x86.ActiveCfg = Debug|Any CPU
		{5948DE6D-BCCC-4730-8229-710A894BD46C}.Debug|x86.Build.0 = Debug|Any CPU
		{5948DE6D-BCCC-4730-8229-710A894BD46C}.Release|Any CPU.ActiveCfg = Release|Any CPU
		{5948DE6D-BCCC-4730-8229-710A894BD46C}.Release|Any CPU.Build.0 = Release|Any CPU
		{5948DE6D-BCCC-4730-8229-710A894BD46C}.Release|x64.ActiveCfg = Release|Any CPU
		{5948DE6D-BCCC-4730-8229-710A894BD46C}.Release|x64.Build.0 = Release|Any CPU
		{5948DE6D-BCCC-4730-8229-710A894BD46C}.Release|x86.ActiveCfg = Release|Any CPU
		{5948DE6D-BCCC-4730-8229-710A894BD46C}.Release|x86.Build.0 = Release|Any CPU
		{B6F090E0-07FB-4EB9-99EE-CCA075AD74BD}.Debug|Any CPU.ActiveCfg = Debug|Any CPU
		{B6F090E0-07FB-4EB9-99EE-CCA075AD74BD}.Debug|Any CPU.Build.0 = Debug|Any CPU
		{B6F090E0-07FB-4EB9-99EE-CCA075AD74BD}.Debug|x64.ActiveCfg = Debug|Any CPU
		{B6F090E0-07FB-4EB9-99EE-CCA075AD74BD}.Debug|x64.Build.0 = Debug|Any CPU
		{B6F090E0-07FB-4EB9-99EE-CCA075AD74BD}.Debug|x86.ActiveCfg = Debug|Any CPU
		{B6F090E0-07FB-4EB9-99EE-CCA075AD74BD}.Debug|x86.Build.0 = Debug|Any CPU
		{B6F090E0-07FB-4EB9-99EE-CCA075AD74BD}.Release|Any CPU.ActiveCfg = Release|Any CPU
		{B6F090E0-07FB-4EB9-99EE-CCA075AD74BD}.Release|Any CPU.Build.0 = Release|Any CPU
		{B6F090E0-07FB-4EB9-99EE-CCA075AD74BD}.Release|x64.ActiveCfg = Release|Any CPU
		{B6F090E0-07FB-4EB9-99EE-CCA075AD74BD}.Release|x64.Build.0 = Release|Any CPU
		{B6F090E0-07FB-4EB9-99EE-CCA075AD74BD}.Release|x86.ActiveCfg = Release|Any CPU
		{B6F090E0-07FB-4EB9-99EE-CCA075AD74BD}.Release|x86.Build.0 = Release|Any CPU
		{7E502FA5-6755-44F4-B418-E48C6760A031}.Debug|Any CPU.ActiveCfg = Debug|Any CPU
		{7E502FA5-6755-44F4-B418-E48C6760A031}.Debug|Any CPU.Build.0 = Debug|Any CPU
		{7E502FA5-6755-44F4-B418-E48C6760A031}.Debug|x64.ActiveCfg = Debug|Any CPU
		{7E502FA5-6755-44F4-B418-E48C6760A031}.Debug|x64.Build.0 = Debug|Any CPU
		{7E502FA5-6755-44F4-B418-E48C6760A031}.Debug|x86.ActiveCfg = Debug|Any CPU
		{7E502FA5-6755-44F4-B418-E48C6760A031}.Debug|x86.Build.0 = Debug|Any CPU
		{7E502FA5-6755-44F4-B418-E48C6760A031}.Release|Any CPU.ActiveCfg = Release|Any CPU
		{7E502FA5-6755-44F4-B418-E48C6760A031}.Release|Any CPU.Build.0 = Release|Any CPU
		{7E502FA5-6755-44F4-B418-E48C6760A031}.Release|x64.ActiveCfg = Release|Any CPU
		{7E502FA5-6755-44F4-B418-E48C6760A031}.Release|x64.Build.0 = Release|Any CPU
		{7E502FA5-6755-44F4-B418-E48C6760A031}.Release|x86.ActiveCfg = Release|Any CPU
		{7E502FA5-6755-44F4-B418-E48C6760A031}.Release|x86.Build.0 = Release|Any CPU
		{71055186-B958-4BF1-8459-80FD194651AA}.Debug|Any CPU.ActiveCfg = Debug|Any CPU
		{71055186-B958-4BF1-8459-80FD194651AA}.Debug|Any CPU.Build.0 = Debug|Any CPU
		{71055186-B958-4BF1-8459-80FD194651AA}.Debug|x64.ActiveCfg = Debug|Any CPU
		{71055186-B958-4BF1-8459-80FD194651AA}.Debug|x64.Build.0 = Debug|Any CPU
		{71055186-B958-4BF1-8459-80FD194651AA}.Debug|x86.ActiveCfg = Debug|Any CPU
		{71055186-B958-4BF1-8459-80FD194651AA}.Debug|x86.Build.0 = Debug|Any CPU
		{71055186-B958-4BF1-8459-80FD194651AA}.Release|Any CPU.ActiveCfg = Release|Any CPU
		{71055186-B958-4BF1-8459-80FD194651AA}.Release|Any CPU.Build.0 = Release|Any CPU
		{71055186-B958-4BF1-8459-80FD194651AA}.Release|x64.ActiveCfg = Release|Any CPU
		{71055186-B958-4BF1-8459-80FD194651AA}.Release|x64.Build.0 = Release|Any CPU
		{71055186-B958-4BF1-8459-80FD194651AA}.Release|x86.ActiveCfg = Release|Any CPU
		{71055186-B958-4BF1-8459-80FD194651AA}.Release|x86.Build.0 = Release|Any CPU
		{40EECADE-4B91-4748-A8A7-2F0C7AB2CCD5}.Debug|Any CPU.ActiveCfg = Debug|Any CPU
		{40EECADE-4B91-4748-A8A7-2F0C7AB2CCD5}.Debug|Any CPU.Build.0 = Debug|Any CPU
		{40EECADE-4B91-4748-A8A7-2F0C7AB2CCD5}.Debug|x64.ActiveCfg = Debug|Any CPU
		{40EECADE-4B91-4748-A8A7-2F0C7AB2CCD5}.Debug|x64.Build.0 = Debug|Any CPU
		{40EECADE-4B91-4748-A8A7-2F0C7AB2CCD5}.Debug|x86.ActiveCfg = Debug|Any CPU
		{40EECADE-4B91-4748-A8A7-2F0C7AB2CCD5}.Debug|x86.Build.0 = Debug|Any CPU
		{40EECADE-4B91-4748-A8A7-2F0C7AB2CCD5}.Release|Any CPU.ActiveCfg = Release|Any CPU
		{40EECADE-4B91-4748-A8A7-2F0C7AB2CCD5}.Release|Any CPU.Build.0 = Release|Any CPU
		{40EECADE-4B91-4748-A8A7-2F0C7AB2CCD5}.Release|x64.ActiveCfg = Release|Any CPU
		{40EECADE-4B91-4748-A8A7-2F0C7AB2CCD5}.Release|x64.Build.0 = Release|Any CPU
		{40EECADE-4B91-4748-A8A7-2F0C7AB2CCD5}.Release|x86.ActiveCfg = Release|Any CPU
		{40EECADE-4B91-4748-A8A7-2F0C7AB2CCD5}.Release|x86.Build.0 = Release|Any CPU
		{16B3355F-B10B-4D1E-8278-4F163BFDAD2D}.Debug|Any CPU.ActiveCfg = Debug|Any CPU
		{16B3355F-B10B-4D1E-8278-4F163BFDAD2D}.Debug|Any CPU.Build.0 = Debug|Any CPU
		{16B3355F-B10B-4D1E-8278-4F163BFDAD2D}.Debug|x64.ActiveCfg = Debug|Any CPU
		{16B3355F-B10B-4D1E-8278-4F163BFDAD2D}.Debug|x64.Build.0 = Debug|Any CPU
		{16B3355F-B10B-4D1E-8278-4F163BFDAD2D}.Debug|x86.ActiveCfg = Debug|Any CPU
		{16B3355F-B10B-4D1E-8278-4F163BFDAD2D}.Debug|x86.Build.0 = Debug|Any CPU
		{16B3355F-B10B-4D1E-8278-4F163BFDAD2D}.Release|Any CPU.ActiveCfg = Release|Any CPU
		{16B3355F-B10B-4D1E-8278-4F163BFDAD2D}.Release|Any CPU.Build.0 = Release|Any CPU
		{16B3355F-B10B-4D1E-8278-4F163BFDAD2D}.Release|x64.ActiveCfg = Release|Any CPU
		{16B3355F-B10B-4D1E-8278-4F163BFDAD2D}.Release|x64.Build.0 = Release|Any CPU
		{16B3355F-B10B-4D1E-8278-4F163BFDAD2D}.Release|x86.ActiveCfg = Release|Any CPU
		{16B3355F-B10B-4D1E-8278-4F163BFDAD2D}.Release|x86.Build.0 = Release|Any CPU
		{430C35DC-150D-4908-8FB3-76F7B3C04138}.Debug|Any CPU.ActiveCfg = Debug|Any CPU
		{430C35DC-150D-4908-8FB3-76F7B3C04138}.Debug|Any CPU.Build.0 = Debug|Any CPU
		{430C35DC-150D-4908-8FB3-76F7B3C04138}.Debug|x64.ActiveCfg = Debug|Any CPU
		{430C35DC-150D-4908-8FB3-76F7B3C04138}.Debug|x64.Build.0 = Debug|Any CPU
		{430C35DC-150D-4908-8FB3-76F7B3C04138}.Debug|x86.ActiveCfg = Debug|Any CPU
		{430C35DC-150D-4908-8FB3-76F7B3C04138}.Debug|x86.Build.0 = Debug|Any CPU
		{430C35DC-150D-4908-8FB3-76F7B3C04138}.Release|Any CPU.ActiveCfg = Release|Any CPU
		{430C35DC-150D-4908-8FB3-76F7B3C04138}.Release|Any CPU.Build.0 = Release|Any CPU
		{430C35DC-150D-4908-8FB3-76F7B3C04138}.Release|x64.ActiveCfg = Release|Any CPU
		{430C35DC-150D-4908-8FB3-76F7B3C04138}.Release|x64.Build.0 = Release|Any CPU
		{430C35DC-150D-4908-8FB3-76F7B3C04138}.Release|x86.ActiveCfg = Release|Any CPU
		{430C35DC-150D-4908-8FB3-76F7B3C04138}.Release|x86.Build.0 = Release|Any CPU
		{55030493-5243-4170-916E-D4C77D4432AD}.Debug|Any CPU.ActiveCfg = Debug|Any CPU
		{55030493-5243-4170-916E-D4C77D4432AD}.Debug|Any CPU.Build.0 = Debug|Any CPU
		{55030493-5243-4170-916E-D4C77D4432AD}.Debug|x64.ActiveCfg = Debug|Any CPU
		{55030493-5243-4170-916E-D4C77D4432AD}.Debug|x64.Build.0 = Debug|Any CPU
		{55030493-5243-4170-916E-D4C77D4432AD}.Debug|x86.ActiveCfg = Debug|Any CPU
		{55030493-5243-4170-916E-D4C77D4432AD}.Debug|x86.Build.0 = Debug|Any CPU
		{55030493-5243-4170-916E-D4C77D4432AD}.Release|Any CPU.ActiveCfg = Release|Any CPU
		{55030493-5243-4170-916E-D4C77D4432AD}.Release|Any CPU.Build.0 = Release|Any CPU
		{55030493-5243-4170-916E-D4C77D4432AD}.Release|x64.ActiveCfg = Release|Any CPU
		{55030493-5243-4170-916E-D4C77D4432AD}.Release|x64.Build.0 = Release|Any CPU
		{55030493-5243-4170-916E-D4C77D4432AD}.Release|x86.ActiveCfg = Release|Any CPU
		{55030493-5243-4170-916E-D4C77D4432AD}.Release|x86.Build.0 = Release|Any CPU
		{0B7AC299-9871-A73C-7176-786B894E4AB8}.Debug|Any CPU.ActiveCfg = Debug|Any CPU
		{0B7AC299-9871-A73C-7176-786B894E4AB8}.Debug|Any CPU.Build.0 = Debug|Any CPU
		{0B7AC299-9871-A73C-7176-786B894E4AB8}.Debug|x64.ActiveCfg = Debug|Any CPU
		{0B7AC299-9871-A73C-7176-786B894E4AB8}.Debug|x64.Build.0 = Debug|Any CPU
		{0B7AC299-9871-A73C-7176-786B894E4AB8}.Debug|x86.ActiveCfg = Debug|Any CPU
		{0B7AC299-9871-A73C-7176-786B894E4AB8}.Debug|x86.Build.0 = Debug|Any CPU
		{0B7AC299-9871-A73C-7176-786B894E4AB8}.Release|Any CPU.ActiveCfg = Release|Any CPU
		{0B7AC299-9871-A73C-7176-786B894E4AB8}.Release|Any CPU.Build.0 = Release|Any CPU
		{0B7AC299-9871-A73C-7176-786B894E4AB8}.Release|x64.ActiveCfg = Release|Any CPU
		{0B7AC299-9871-A73C-7176-786B894E4AB8}.Release|x64.Build.0 = Release|Any CPU
		{0B7AC299-9871-A73C-7176-786B894E4AB8}.Release|x86.ActiveCfg = Release|Any CPU
		{0B7AC299-9871-A73C-7176-786B894E4AB8}.Release|x86.Build.0 = Release|Any CPU
		{DC59B2ED-F986-4213-B3DE-FB37F4BD7A5D}.Debug|Any CPU.ActiveCfg = Debug|Any CPU
		{DC59B2ED-F986-4213-B3DE-FB37F4BD7A5D}.Debug|Any CPU.Build.0 = Debug|Any CPU
		{DC59B2ED-F986-4213-B3DE-FB37F4BD7A5D}.Debug|x64.ActiveCfg = Debug|Any CPU
		{DC59B2ED-F986-4213-B3DE-FB37F4BD7A5D}.Debug|x64.Build.0 = Debug|Any CPU
		{DC59B2ED-F986-4213-B3DE-FB37F4BD7A5D}.Debug|x86.ActiveCfg = Debug|Any CPU
		{DC59B2ED-F986-4213-B3DE-FB37F4BD7A5D}.Debug|x86.Build.0 = Debug|Any CPU
		{DC59B2ED-F986-4213-B3DE-FB37F4BD7A5D}.Release|Any CPU.ActiveCfg = Release|Any CPU
		{DC59B2ED-F986-4213-B3DE-FB37F4BD7A5D}.Release|Any CPU.Build.0 = Release|Any CPU
		{DC59B2ED-F986-4213-B3DE-FB37F4BD7A5D}.Release|x64.ActiveCfg = Release|Any CPU
		{DC59B2ED-F986-4213-B3DE-FB37F4BD7A5D}.Release|x64.Build.0 = Release|Any CPU
		{DC59B2ED-F986-4213-B3DE-FB37F4BD7A5D}.Release|x86.ActiveCfg = Release|Any CPU
		{DC59B2ED-F986-4213-B3DE-FB37F4BD7A5D}.Release|x86.Build.0 = Release|Any CPU
		{A36263A0-DB18-4A9C-B36E-F0F20A82FC7B}.Debug|Any CPU.ActiveCfg = Debug|Any CPU
		{A36263A0-DB18-4A9C-B36E-F0F20A82FC7B}.Debug|Any CPU.Build.0 = Debug|Any CPU
		{A36263A0-DB18-4A9C-B36E-F0F20A82FC7B}.Debug|x64.ActiveCfg = Debug|Any CPU
		{A36263A0-DB18-4A9C-B36E-F0F20A82FC7B}.Debug|x64.Build.0 = Debug|Any CPU
		{A36263A0-DB18-4A9C-B36E-F0F20A82FC7B}.Debug|x86.ActiveCfg = Debug|Any CPU
		{A36263A0-DB18-4A9C-B36E-F0F20A82FC7B}.Debug|x86.Build.0 = Debug|Any CPU
		{A36263A0-DB18-4A9C-B36E-F0F20A82FC7B}.Release|Any CPU.ActiveCfg = Release|Any CPU
		{A36263A0-DB18-4A9C-B36E-F0F20A82FC7B}.Release|Any CPU.Build.0 = Release|Any CPU
		{A36263A0-DB18-4A9C-B36E-F0F20A82FC7B}.Release|x64.ActiveCfg = Release|Any CPU
		{A36263A0-DB18-4A9C-B36E-F0F20A82FC7B}.Release|x64.Build.0 = Release|Any CPU
		{A36263A0-DB18-4A9C-B36E-F0F20A82FC7B}.Release|x86.ActiveCfg = Release|Any CPU
		{A36263A0-DB18-4A9C-B36E-F0F20A82FC7B}.Release|x86.Build.0 = Release|Any CPU
	EndGlobalSection
	GlobalSection(SolutionProperties) = preSolution
		HideSolutionNode = FALSE
	EndGlobalSection
	GlobalSection(NestedProjects) = preSolution
		{310858CE-3D05-42CF-8ED2-9D10217D15EC} = {02EA681E-C7D8-13C7-8484-4AC65E1B71E8}
		{A2292F84-BAA9-4373-9665-B3925FD68E7D} = {310858CE-3D05-42CF-8ED2-9D10217D15EC}
		{3038910A-33E0-42A2-84F6-9EBF90816725} = {02EA681E-C7D8-13C7-8484-4AC65E1B71E8}
		{87FF20F9-BFC6-47EB-8C20-D8D96C06832B} = {3038910A-33E0-42A2-84F6-9EBF90816725}
		{92F47805-82F4-4863-A5E0-C99CD369ABBD} = {87FF20F9-BFC6-47EB-8C20-D8D96C06832B}
		{456C80D1-8451-4D46-A0E4-3A28CAC7D755} = {310858CE-3D05-42CF-8ED2-9D10217D15EC}
		{5948DE6D-BCCC-4730-8229-710A894BD46C} = {87FF20F9-BFC6-47EB-8C20-D8D96C06832B}
		{B6F090E0-07FB-4EB9-99EE-CCA075AD74BD} = {87FF20F9-BFC6-47EB-8C20-D8D96C06832B}
		{7E502FA5-6755-44F4-B418-E48C6760A031} = {87FF20F9-BFC6-47EB-8C20-D8D96C06832B}
		{DF6FC1FA-FF46-4A90-9A7E-CD55A9761A2A} = {3038910A-33E0-42A2-84F6-9EBF90816725}
		{71055186-B958-4BF1-8459-80FD194651AA} = {DF6FC1FA-FF46-4A90-9A7E-CD55A9761A2A}
		{40EECADE-4B91-4748-A8A7-2F0C7AB2CCD5} = {DF6FC1FA-FF46-4A90-9A7E-CD55A9761A2A}
		{16B3355F-B10B-4D1E-8278-4F163BFDAD2D} = {DF6FC1FA-FF46-4A90-9A7E-CD55A9761A2A}
		{430C35DC-150D-4908-8FB3-76F7B3C04138} = {DF6FC1FA-FF46-4A90-9A7E-CD55A9761A2A}
		{C4AC51C8-1DF8-4DBA-9AED-9BC741C3D17C} = {02EA681E-C7D8-13C7-8484-4AC65E1B71E8}
		{55030493-5243-4170-916E-D4C77D4432AD} = {C4AC51C8-1DF8-4DBA-9AED-9BC741C3D17C}
		{719EFB54-F973-46F9-BEAA-D465818D004A} = {02EA681E-C7D8-13C7-8484-4AC65E1B71E8}
		{0B7AC299-9871-A73C-7176-786B894E4AB8} = {719EFB54-F973-46F9-BEAA-D465818D004A}
		{DC59B2ED-F986-4213-B3DE-FB37F4BD7A5D} = {310858CE-3D05-42CF-8ED2-9D10217D15EC}
		{7FB0BC1E-DAC8-429C-97F3-9F8F4FB8A4A7} = {3038910A-33E0-42A2-84F6-9EBF90816725}
		{A36263A0-DB18-4A9C-B36E-F0F20A82FC7B} = {7FB0BC1E-DAC8-429C-97F3-9F8F4FB8A4A7}
	EndGlobalSection
	GlobalSection(ExtensibilityGlobals) = postSolution
		SolutionGuid = {8C9275CE-7178-497F-BE59-7A5C9880C864}
	EndGlobalSection
EndGlobal
